// !$*UTF8*$!
{
	archiveVersion = 1;
	classes = {
	};
	objectVersion = 50;
	objects = {

/* Begin PBXBuildFile section */
		0487791E23B3ADA300B69634 /* AppDelegate.swift in Sources */ = {isa = PBXBuildFile; fileRef = 0487791D23B3ADA300B69634 /* AppDelegate.swift */; };
		0487792023B3ADA300B69634 /* SceneDelegate.swift in Sources */ = {isa = PBXBuildFile; fileRef = 0487791F23B3ADA300B69634 /* SceneDelegate.swift */; };
		0487792223B3ADA300B69634 /* ViewController.swift in Sources */ = {isa = PBXBuildFile; fileRef = 0487792123B3ADA300B69634 /* ViewController.swift */; };
		0487792523B3ADA300B69634 /* Main.storyboard in Resources */ = {isa = PBXBuildFile; fileRef = 0487792323B3ADA300B69634 /* Main.storyboard */; };
		0487792723B3ADAB00B69634 /* Assets.xcassets in Resources */ = {isa = PBXBuildFile; fileRef = 0487792623B3ADAB00B69634 /* Assets.xcassets */; };
		0487792A23B3ADAB00B69634 /* LaunchScreen.storyboard in Resources */ = {isa = PBXBuildFile; fileRef = 0487792823B3ADAB00B69634 /* LaunchScreen.storyboard */; };
		0487793523B3ADAC00B69634 /* FactoryMethodeTests.swift in Sources */ = {isa = PBXBuildFile; fileRef = 0487793423B3ADAC00B69634 /* FactoryMethodeTests.swift */; };
		0487794023B3ADAC00B69634 /* FactoryMethodeUITests.swift in Sources */ = {isa = PBXBuildFile; fileRef = 0487793F23B3ADAC00B69634 /* FactoryMethodeUITests.swift */; };
/* End PBXBuildFile section */

/* Begin PBXContainerItemProxy section */
		0487793123B3ADAC00B69634 /* PBXContainerItemProxy */ = {
			isa = PBXContainerItemProxy;
			containerPortal = 0487791223B3ADA300B69634 /* Project object */;
			proxyType = 1;
			remoteGlobalIDString = 0487791923B3ADA300B69634;
			remoteInfo = FactoryMethode;
		};
		0487793C23B3ADAC00B69634 /* PBXContainerItemProxy */ = {
			isa = PBXContainerItemProxy;
			containerPortal = 0487791223B3ADA300B69634 /* Project object */;
			proxyType = 1;
			remoteGlobalIDString = 0487791923B3ADA300B69634;
			remoteInfo = FactoryMethode;
		};
/* End PBXContainerItemProxy section */

/* Begin PBXFileReference section */
		0487791A23B3ADA300B69634 /* FactoryMethode.app */ = {isa = PBXFileReference; explicitFileType = wrapper.application; includeInIndex = 0; path = FactoryMethode.app; sourceTree = BUILT_PRODUCTS_DIR; };
		0487791D23B3ADA300B69634 /* AppDelegate.swift */ = {isa = PBXFileReference; lastKnownFileType = sourcecode.swift; path = AppDelegate.swift; sourceTree = "<group>"; };
		0487791F23B3ADA300B69634 /* SceneDelegate.swift */ = {isa = PBXFileReference; lastKnownFileType = sourcecode.swift; path = SceneDelegate.swift; sourceTree = "<group>"; };
		0487792123B3ADA300B69634 /* ViewController.swift */ = {isa = PBXFileReference; lastKnownFileType = sourcecode.swift; path = ViewController.swift; sourceTree = "<group>"; };
		0487792423B3ADA300B69634 /* Base */ = {isa = PBXFileReference; lastKnownFileType = file.storyboard; name = Base; path = Base.lproj/Main.storyboard; sourceTree = "<group>"; };
		0487792623B3ADAB00B69634 /* Assets.xcassets */ = {isa = PBXFileReference; lastKnownFileType = folder.assetcatalog; path = Assets.xcassets; sourceTree = "<group>"; };
		0487792923B3ADAB00B69634 /* Base */ = {isa = PBXFileReference; lastKnownFileType = file.storyboard; name = Base; path = Base.lproj/LaunchScreen.storyboard; sourceTree = "<group>"; };
		0487792B23B3ADAB00B69634 /* Info.plist */ = {isa = PBXFileReference; lastKnownFileType = text.plist.xml; path = Info.plist; sourceTree = "<group>"; };
		0487793023B3ADAC00B69634 /* FactoryMethodeTests.xctest */ = {isa = PBXFileReference; explicitFileType = wrapper.cfbundle; includeInIndex = 0; path = FactoryMethodeTests.xctest; sourceTree = BUILT_PRODUCTS_DIR; };
		0487793423B3ADAC00B69634 /* FactoryMethodeTests.swift */ = {isa = PBXFileReference; lastKnownFileType = sourcecode.swift; path = FactoryMethodeTests.swift; sourceTree = "<group>"; };
		0487793623B3ADAC00B69634 /* Info.plist */ = {isa = PBXFileReference; lastKnownFileType = text.plist.xml; path = Info.plist; sourceTree = "<group>"; };
		0487793B23B3ADAC00B69634 /* FactoryMethodeUITests.xctest */ = {isa = PBXFileReference; explicitFileType = wrapper.cfbundle; includeInIndex = 0; path = FactoryMethodeUITests.xctest; sourceTree = BUILT_PRODUCTS_DIR; };
		0487793F23B3ADAC00B69634 /* FactoryMethodeUITests.swift */ = {isa = PBXFileReference; lastKnownFileType = sourcecode.swift; path = FactoryMethodeUITests.swift; sourceTree = "<group>"; };
		0487794123B3ADAC00B69634 /* Info.plist */ = {isa = PBXFileReference; lastKnownFileType = text.plist.xml; path = Info.plist; sourceTree = "<group>"; };
/* End PBXFileReference section */

/* Begin PBXFrameworksBuildPhase section */
		0487791723B3ADA300B69634 /* Frameworks */ = {
			isa = PBXFrameworksBuildPhase;
			buildActionMask = 2147483647;
			files = (
			);
			runOnlyForDeploymentPostprocessing = 0;
		};
		0487792D23B3ADAC00B69634 /* Frameworks */ = {
			isa = PBXFrameworksBuildPhase;
			buildActionMask = 2147483647;
			files = (
			);
			runOnlyForDeploymentPostprocessing = 0;
		};
		0487793823B3ADAC00B69634 /* Frameworks */ = {
			isa = PBXFrameworksBuildPhase;
			buildActionMask = 2147483647;
			files = (
			);
			runOnlyForDeploymentPostprocessing = 0;
		};
/* End PBXFrameworksBuildPhase section */

/* Begin PBXGroup section */
		0487791123B3ADA300B69634 = {
			isa = PBXGroup;
			children = (
				0487791C23B3ADA300B69634 /* FactoryMethode */,
				0487793323B3ADAC00B69634 /* FactoryMethodeTests */,
				0487793E23B3ADAC00B69634 /* FactoryMethodeUITests */,
				0487791B23B3ADA300B69634 /* Products */,
			);
			sourceTree = "<group>";
		};
		0487791B23B3ADA300B69634 /* Products */ = {
			isa = PBXGroup;
			children = (
				0487791A23B3ADA300B69634 /* FactoryMethode.app */,
				0487793023B3ADAC00B69634 /* FactoryMethodeTests.xctest */,
				0487793B23B3ADAC00B69634 /* FactoryMethodeUITests.xctest */,
			);
			name = Products;
			sourceTree = "<group>";
		};
		0487791C23B3ADA300B69634 /* FactoryMethode */ = {
			isa = PBXGroup;
			children = (
				0487791D23B3ADA300B69634 /* AppDelegate.swift */,
				0487791F23B3ADA300B69634 /* SceneDelegate.swift */,
				0487792123B3ADA300B69634 /* ViewController.swift */,
				0487792323B3ADA300B69634 /* Main.storyboard */,
				0487792623B3ADAB00B69634 /* Assets.xcassets */,
				0487792823B3ADAB00B69634 /* LaunchScreen.storyboard */,
				0487792B23B3ADAB00B69634 /* Info.plist */,
			);
			path = FactoryMethode;
			sourceTree = "<group>";
		};
		0487793323B3ADAC00B69634 /* FactoryMethodeTests */ = {
			isa = PBXGroup;
			children = (
				0487793423B3ADAC00B69634 /* FactoryMethodeTests.swift */,
				0487793623B3ADAC00B69634 /* Info.plist */,
			);
			path = FactoryMethodeTests;
			sourceTree = "<group>";
		};
		0487793E23B3ADAC00B69634 /* FactoryMethodeUITests */ = {
			isa = PBXGroup;
			children = (
				0487793F23B3ADAC00B69634 /* FactoryMethodeUITests.swift */,
				0487794123B3ADAC00B69634 /* Info.plist */,
			);
			path = FactoryMethodeUITests;
			sourceTree = "<group>";
		};
/* End PBXGroup section */

/* Begin PBXNativeTarget section */
		0487791923B3ADA300B69634 /* FactoryMethode */ = {
			isa = PBXNativeTarget;
			buildConfigurationList = 0487794423B3ADAC00B69634 /* Build configuration list for PBXNativeTarget "FactoryMethode" */;
			buildPhases = (
				0487791623B3ADA300B69634 /* Sources */,
				0487791723B3ADA300B69634 /* Frameworks */,
				0487791823B3ADA300B69634 /* Resources */,
			);
			buildRules = (
			);
			dependencies = (
			);
			name = FactoryMethode;
			productName = FactoryMethode;
			productReference = 0487791A23B3ADA300B69634 /* FactoryMethode.app */;
			productType = "com.apple.product-type.application";
		};
		0487792F23B3ADAC00B69634 /* FactoryMethodeTests */ = {
			isa = PBXNativeTarget;
			buildConfigurationList = 0487794723B3ADAC00B69634 /* Build configuration list for PBXNativeTarget "FactoryMethodeTests" */;
			buildPhases = (
				0487792C23B3ADAC00B69634 /* Sources */,
				0487792D23B3ADAC00B69634 /* Frameworks */,
				0487792E23B3ADAC00B69634 /* Resources */,
			);
			buildRules = (
			);
			dependencies = (
				0487793223B3ADAC00B69634 /* PBXTargetDependency */,
			);
			name = FactoryMethodeTests;
			productName = FactoryMethodeTests;
			productReference = 0487793023B3ADAC00B69634 /* FactoryMethodeTests.xctest */;
			productType = "com.apple.product-type.bundle.unit-test";
		};
		0487793A23B3ADAC00B69634 /* FactoryMethodeUITests */ = {
			isa = PBXNativeTarget;
			buildConfigurationList = 0487794A23B3ADAC00B69634 /* Build configuration list for PBXNativeTarget "FactoryMethodeUITests" */;
			buildPhases = (
				0487793723B3ADAC00B69634 /* Sources */,
				0487793823B3ADAC00B69634 /* Frameworks */,
				0487793923B3ADAC00B69634 /* Resources */,
			);
			buildRules = (
			);
			dependencies = (
				0487793D23B3ADAC00B69634 /* PBXTargetDependency */,
			);
			name = FactoryMethodeUITests;
			productName = FactoryMethodeUITests;
			productReference = 0487793B23B3ADAC00B69634 /* FactoryMethodeUITests.xctest */;
			productType = "com.apple.product-type.bundle.ui-testing";
		};
/* End PBXNativeTarget section */

/* Begin PBXProject section */
		0487791223B3ADA300B69634 /* Project object */ = {
			isa = PBXProject;
			attributes = {
				LastSwiftUpdateCheck = 1120;
				LastUpgradeCheck = 1120;
				ORGANIZATIONNAME = MaxT;
				TargetAttributes = {
					0487791923B3ADA300B69634 = {
						CreatedOnToolsVersion = 11.2.1;
					};
					0487792F23B3ADAC00B69634 = {
						CreatedOnToolsVersion = 11.2.1;
						TestTargetID = 0487791923B3ADA300B69634;
					};
					0487793A23B3ADAC00B69634 = {
						CreatedOnToolsVersion = 11.2.1;
						TestTargetID = 0487791923B3ADA300B69634;
					};
				};
			};
			buildConfigurationList = 0487791523B3ADA300B69634 /* Build configuration list for PBXProject "FactoryMethode" */;
			compatibilityVersion = "Xcode 9.3";
			developmentRegion = en;
			hasScannedForEncodings = 0;
			knownRegions = (
				en,
				Base,
			);
			mainGroup = 0487791123B3ADA300B69634;
			productRefGroup = 0487791B23B3ADA300B69634 /* Products */;
			projectDirPath = "";
			projectRoot = "";
			targets = (
				0487791923B3ADA300B69634 /* FactoryMethode */,
				0487792F23B3ADAC00B69634 /* FactoryMethodeTests */,
				0487793A23B3ADAC00B69634 /* FactoryMethodeUITests */,
			);
		};
/* End PBXProject section */

/* Begin PBXResourcesBuildPhase section */
		0487791823B3ADA300B69634 /* Resources */ = {
			isa = PBXResourcesBuildPhase;
			buildActionMask = 2147483647;
			files = (
				0487792A23B3ADAB00B69634 /* LaunchScreen.storyboard in Resources */,
				0487792723B3ADAB00B69634 /* Assets.xcassets in Resources */,
				0487792523B3ADA300B69634 /* Main.storyboard in Resources */,
			);
			runOnlyForDeploymentPostprocessing = 0;
		};
		0487792E23B3ADAC00B69634 /* Resources */ = {
			isa = PBXResourcesBuildPhase;
			buildActionMask = 2147483647;
			files = (
			);
			runOnlyForDeploymentPostprocessing = 0;
		};
		0487793923B3ADAC00B69634 /* Resources */ = {
			isa = PBXResourcesBuildPhase;
			buildActionMask = 2147483647;
			files = (
			);
			runOnlyForDeploymentPostprocessing = 0;
		};
/* End PBXResourcesBuildPhase section */

/* Begin PBXSourcesBuildPhase section */
		0487791623B3ADA300B69634 /* Sources */ = {
			isa = PBXSourcesBuildPhase;
			buildActionMask = 2147483647;
			files = (
				0487792223B3ADA300B69634 /* ViewController.swift in Sources */,
				0487791E23B3ADA300B69634 /* AppDelegate.swift in Sources */,
				0487792023B3ADA300B69634 /* SceneDelegate.swift in Sources */,
			);
			runOnlyForDeploymentPostprocessing = 0;
		};
		0487792C23B3ADAC00B69634 /* Sources */ = {
			isa = PBXSourcesBuildPhase;
			buildActionMask = 2147483647;
			files = (
				0487793523B3ADAC00B69634 /* FactoryMethodeTests.swift in Sources */,
			);
			runOnlyForDeploymentPostprocessing = 0;
		};
		0487793723B3ADAC00B69634 /* Sources */ = {
			isa = PBXSourcesBuildPhase;
			buildActionMask = 2147483647;
			files = (
				0487794023B3ADAC00B69634 /* FactoryMethodeUITests.swift in Sources */,
			);
			runOnlyForDeploymentPostprocessing = 0;
		};
/* End PBXSourcesBuildPhase section */

/* Begin PBXTargetDependency section */
		0487793223B3ADAC00B69634 /* PBXTargetDependency */ = {
			isa = PBXTargetDependency;
			target = 0487791923B3ADA300B69634 /* FactoryMethode */;
			targetProxy = 0487793123B3ADAC00B69634 /* PBXContainerItemProxy */;
		};
		0487793D23B3ADAC00B69634 /* PBXTargetDependency */ = {
			isa = PBXTargetDependency;
			target = 0487791923B3ADA300B69634 /* FactoryMethode */;
			targetProxy = 0487793C23B3ADAC00B69634 /* PBXContainerItemProxy */;
		};
/* End PBXTargetDependency section */

/* Begin PBXVariantGroup section */
		0487792323B3ADA300B69634 /* Main.storyboard */ = {
			isa = PBXVariantGroup;
			children = (
				0487792423B3ADA300B69634 /* Base */,
			);
			name = Main.storyboard;
			sourceTree = "<group>";
		};
		0487792823B3ADAB00B69634 /* LaunchScreen.storyboard */ = {
			isa = PBXVariantGroup;
			children = (
				0487792923B3ADAB00B69634 /* Base */,
			);
			name = LaunchScreen.storyboard;
			sourceTree = "<group>";
		};
/* End PBXVariantGroup section */

/* Begin XCBuildConfiguration section */
		0487794223B3ADAC00B69634 /* Debug */ = {
			isa = XCBuildConfiguration;
			buildSettings = {
				ALWAYS_SEARCH_USER_PATHS = NO;
				CLANG_ANALYZER_NONNULL = YES;
				CLANG_ANALYZER_NUMBER_OBJECT_CONVERSION = YES_AGGRESSIVE;
				CLANG_CXX_LANGUAGE_STANDARD = "gnu++14";
				CLANG_CXX_LIBRARY = "libc++";
				CLANG_ENABLE_MODULES = YES;
				CLANG_ENABLE_OBJC_ARC = YES;
				CLANG_ENABLE_OBJC_WEAK = YES;
				CLANG_WARN_BLOCK_CAPTURE_AUTORELEASING = YES;
				CLANG_WARN_BOOL_CONVERSION = YES;
				CLANG_WARN_COMMA = YES;
				CLANG_WARN_CONSTANT_CONVERSION = YES;
				CLANG_WARN_DEPRECATED_OBJC_IMPLEMENTATIONS = YES;
				CLANG_WARN_DIRECT_OBJC_ISA_USAGE = YES_ERROR;
				CLANG_WARN_DOCUMENTATION_COMMENTS = YES;
				CLANG_WARN_EMPTY_BODY = YES;
				CLANG_WARN_ENUM_CONVERSION = YES;
				CLANG_WARN_INFINITE_RECURSION = YES;
				CLANG_WARN_INT_CONVERSION = YES;
				CLANG_WARN_NON_LITERAL_NULL_CONVERSION = YES;
				CLANG_WARN_OBJC_IMPLICIT_RETAIN_SELF = YES;
				CLANG_WARN_OBJC_LITERAL_CONVERSION = YES;
				CLANG_WARN_OBJC_ROOT_CLASS = YES_ERROR;
				CLANG_WARN_RANGE_LOOP_ANALYSIS = YES;
				CLANG_WARN_STRICT_PROTOTYPES = YES;
				CLANG_WARN_SUSPICIOUS_MOVE = YES;
				CLANG_WARN_UNGUARDED_AVAILABILITY = YES_AGGRESSIVE;
				CLANG_WARN_UNREACHABLE_CODE = YES;
				CLANG_WARN__DUPLICATE_METHOD_MATCH = YES;
				COPY_PHASE_STRIP = NO;
				DEBUG_INFORMATION_FORMAT = dwarf;
				ENABLE_STRICT_OBJC_MSGSEND = YES;
				ENABLE_TESTABILITY = YES;
				GCC_C_LANGUAGE_STANDARD = gnu11;
				GCC_DYNAMIC_NO_PIC = NO;
				GCC_NO_COMMON_BLOCKS = YES;
				GCC_OPTIMIZATION_LEVEL = 0;
				GCC_PREPROCESSOR_DEFINITIONS = (
					"DEBUG=1",
					"$(inherited)",
				);
				GCC_WARN_64_TO_32_BIT_CONVERSION = YES;
				GCC_WARN_ABOUT_RETURN_TYPE = YES_ERROR;
				GCC_WARN_UNDECLARED_SELECTOR = YES;
				GCC_WARN_UNINITIALIZED_AUTOS = YES_AGGRESSIVE;
				GCC_WARN_UNUSED_FUNCTION = YES;
				GCC_WARN_UNUSED_VARIABLE = YES;
				IPHONEOS_DEPLOYMENT_TARGET = 13.2;
				MTL_ENABLE_DEBUG_INFO = INCLUDE_SOURCE;
				MTL_FAST_MATH = YES;
				ONLY_ACTIVE_ARCH = YES;
				SDKROOT = iphoneos;
				SWIFT_ACTIVE_COMPILATION_CONDITIONS = DEBUG;
				SWIFT_OPTIMIZATION_LEVEL = "-Onone";
			};
			name = Debug;
		};
		0487794323B3ADAC00B69634 /* Release */ = {
			isa = XCBuildConfiguration;
			buildSettings = {
				ALWAYS_SEARCH_USER_PATHS = NO;
				CLANG_ANALYZER_NONNULL = YES;
				CLANG_ANALYZER_NUMBER_OBJECT_CONVERSION = YES_AGGRESSIVE;
				CLANG_CXX_LANGUAGE_STANDARD = "gnu++14";
				CLANG_CXX_LIBRARY = "libc++";
				CLANG_ENABLE_MODULES = YES;
				CLANG_ENABLE_OBJC_ARC = YES;
				CLANG_ENABLE_OBJC_WEAK = YES;
				CLANG_WARN_BLOCK_CAPTURE_AUTORELEASING = YES;
				CLANG_WARN_BOOL_CONVERSION = YES;
				CLANG_WARN_COMMA = YES;
				CLANG_WARN_CONSTANT_CONVERSION = YES;
				CLANG_WARN_DEPRECATED_OBJC_IMPLEMENTATIONS = YES;
				CLANG_WARN_DIRECT_OBJC_ISA_USAGE = YES_ERROR;
				CLANG_WARN_DOCUMENTATION_COMMENTS = YES;
				CLANG_WARN_EMPTY_BODY = YES;
				CLANG_WARN_ENUM_CONVERSION = YES;
				CLANG_WARN_INFINITE_RECURSION = YES;
				CLANG_WARN_INT_CONVERSION = YES;
				CLANG_WARN_NON_LITERAL_NULL_CONVERSION = YES;
				CLANG_WARN_OBJC_IMPLICIT_RETAIN_SELF = YES;
				CLANG_WARN_OBJC_LITERAL_CONVERSION = YES;
				CLANG_WARN_OBJC_ROOT_CLASS = YES_ERROR;
				CLANG_WARN_RANGE_LOOP_ANALYSIS = YES;
				CLANG_WARN_STRICT_PROTOTYPES = YES;
				CLANG_WARN_SUSPICIOUS_MOVE = YES;
				CLANG_WARN_UNGUARDED_AVAILABILITY = YES_AGGRESSIVE;
				CLANG_WARN_UNREACHABLE_CODE = YES;
				CLANG_WARN__DUPLICATE_METHOD_MATCH = YES;
				COPY_PHASE_STRIP = NO;
				DEBUG_INFORMATION_FORMAT = "dwarf-with-dsym";
				ENABLE_NS_ASSERTIONS = NO;
				ENABLE_STRICT_OBJC_MSGSEND = YES;
				GCC_C_LANGUAGE_STANDARD = gnu11;
				GCC_NO_COMMON_BLOCKS = YES;
				GCC_WARN_64_TO_32_BIT_CONVERSION = YES;
				GCC_WARN_ABOUT_RETURN_TYPE = YES_ERROR;
				GCC_WARN_UNDECLARED_SELECTOR = YES;
				GCC_WARN_UNINITIALIZED_AUTOS = YES_AGGRESSIVE;
				GCC_WARN_UNUSED_FUNCTION = YES;
				GCC_WARN_UNUSED_VARIABLE = YES;
				IPHONEOS_DEPLOYMENT_TARGET = 13.2;
				MTL_ENABLE_DEBUG_INFO = NO;
				MTL_FAST_MATH = YES;
				SDKROOT = iphoneos;
				SWIFT_COMPILATION_MODE = wholemodule;
				SWIFT_OPTIMIZATION_LEVEL = "-O";
				VALIDATE_PRODUCT = YES;
			};
			name = Release;
		};
		0487794523B3ADAC00B69634 /* Debug */ = {
			isa = XCBuildConfiguration;
			buildSettings = {
				ASSETCATALOG_COMPILER_APPICON_NAME = AppIcon;
				CODE_SIGN_STYLE = Automatic;
				DEVELOPMENT_TEAM = JVAJVCXNP9;
				INFOPLIST_FILE = FactoryMethode/Info.plist;
				LD_RUNPATH_SEARCH_PATHS = (
					"$(inherited)",
					"@executable_path/Frameworks",
				);
				PRODUCT_BUNDLE_IDENTIFIER = MaxTDeveloper.FactoryMethode;
				PRODUCT_NAME = "$(TARGET_NAME)";
				SWIFT_VERSION = 5.0;
				TARGETED_DEVICE_FAMILY = "1,2";
			};
			name = Debug;
		};
		0487794623B3ADAC00B69634 /* Release */ = {
			isa = XCBuildConfiguration;
			buildSettings = {
				ASSETCATALOG_COMPILER_APPICON_NAME = AppIcon;
				CODE_SIGN_STYLE = Automatic;
				DEVELOPMENT_TEAM = JVAJVCXNP9;
				INFOPLIST_FILE = FactoryMethode/Info.plist;
				LD_RUNPATH_SEARCH_PATHS = (
					"$(inherited)",
					"@executable_path/Frameworks",
				);
				PRODUCT_BUNDLE_IDENTIFIER = MaxTDeveloper.FactoryMethode;
				PRODUCT_NAME = "$(TARGET_NAME)";
				SWIFT_VERSION = 5.0;
				TARGETED_DEVICE_FAMILY = "1,2";
			};
			name = Release;
		};
		0487794823B3ADAC00B69634 /* Debug */ = {
			isa = XCBuildConfiguration;
			buildSettings = {
				ALWAYS_EMBED_SWIFT_STANDARD_LIBRARIES = YES;
				BUNDLE_LOADER = "$(TEST_HOST)";
				CODE_SIGN_STYLE = Automatic;
				DEVELOPMENT_TEAM = JVAJVCXNP9;
				INFOPLIST_FILE = FactoryMethodeTests/Info.plist;
				IPHONEOS_DEPLOYMENT_TARGET = 13.2;
				LD_RUNPATH_SEARCH_PATHS = (
					"$(inherited)",
					"@executable_path/Frameworks",
					"@loader_path/Frameworks",
				);
				PRODUCT_BUNDLE_IDENTIFIER = MaxTDeveloper.FactoryMethodeTests;
				PRODUCT_NAME = "$(TARGET_NAME)";
				SWIFT_VERSION = 5.0;
				TARGETED_DEVICE_FAMILY = "1,2";
				TEST_HOST = "$(BUILT_PRODUCTS_DIR)/FactoryMethode.app/FactoryMethode";
			};
			name = Debug;
		};
		0487794923B3ADAC00B69634 /* Release */ = {
			isa = XCBuildConfiguration;
			buildSettings = {
				ALWAYS_EMBED_SWIFT_STANDARD_LIBRARIES = YES;
				BUNDLE_LOADER = "$(TEST_HOST)";
				CODE_SIGN_STYLE = Automatic;
				DEVELOPMENT_TEAM = JVAJVCXNP9;
				INFOPLIST_FILE = FactoryMethodeTests/Info.plist;
				IPHONEOS_DEPLOYMENT_TARGET = 13.2;
				LD_RUNPATH_SEARCH_PATHS = (
					"$(inherited)",
					"@executable_path/Frameworks",
					"@loader_path/Frameworks",
				);
				PRODUCT_BUNDLE_IDENTIFIER = MaxTDeveloper.FactoryMethodeTests;
				PRODUCT_NAME = "$(TARGET_NAME)";
				SWIFT_VERSION = 5.0;
				TARGETED_DEVICE_FAMILY = "1,2";
				TEST_HOST = "$(BUILT_PRODUCTS_DIR)/FactoryMethode.app/FactoryMethode";
			};
			name = Release;
		};
		0487794B23B3ADAC00B69634 /* Debug */ = {
			isa = XCBuildConfiguration;
			buildSettings = {
				ALWAYS_EMBED_SWIFT_STANDARD_LIBRARIES = YES;
				CODE_SIGN_STYLE = Automatic;
				DEVELOPMENT_TEAM = JVAJVCXNP9;
				INFOPLIST_FILE = FactoryMethodeUITests/Info.plist;
				LD_RUNPATH_SEARCH_PATHS = (
					"$(inherited)",
					"@executable_path/Frameworks",
					"@loader_path/Frameworks",
				);
				PRODUCT_BUNDLE_IDENTIFIER = MaxTDeveloper.FactoryMethodeUITests;
				PRODUCT_NAME = "$(TARGET_NAME)";
				SWIFT_VERSION = 5.0;
				TARGETED_DEVICE_FAMILY = "1,2";
				TEST_TARGET_NAME = FactoryMethode;
			};
			name = Debug;
		};
		0487794C23B3ADAC00B69634 /* Release */ = {
			isa = XCBuildConfiguration;
			buildSettings = {
				ALWAYS_EMBED_SWIFT_STANDARD_LIBRARIES = YES;
				CODE_SIGN_STYLE = Automatic;
				DEVELOPMENT_TEAM = JVAJVCXNP9;
				INFOPLIST_FILE = FactoryMethodeUITests/Info.plist;
				LD_RUNPATH_SEARCH_PATHS = (
					"$(inherited)",
					"@executable_path/Frameworks",
					"@loader_path/Frameworks",
				);
				PRODUCT_BUNDLE_IDENTIFIER = MaxTDeveloper.FactoryMethodeUITests;
				PRODUCT_NAME = "$(TARGET_NAME)";
				SWIFT_VERSION = 5.0;
				TARGETED_DEVICE_FAMILY = "1,2";
				TEST_TARGET_NAME = FactoryMethode;
			};
			name = Release;
		};
/* End XCBuildConfiguration section */

/* Begin XCConfigurationList section */
		0487791523B3ADA300B69634 /* Build configuration list for PBXProject "FactoryMethode" */ = {
			isa = XCConfigurationList;
			buildConfigurations = (
				0487794223B3ADAC00B69634 /* Debug */,
				0487794323B3ADAC00B69634 /* Release */,
			);
			defaultConfigurationIsVisible = 0;
			defaultConfigurationName = Release;
		};
		0487794423B3ADAC00B69634 /* Build configuration list for PBXNativeTarget "FactoryMethode" */ = {
			isa = XCConfigurationList;
			buildConfigurations = (
				0487794523B3ADAC00B69634 /* Debug */,
				0487794623B3ADAC00B69634 /* Release */,
			);
			defaultConfigurationIsVisible = 0;
			defaultConfigurationName = Release;
		};
		0487794723B3ADAC00B69634 /* Build configuration list for PBXNativeTarget "FactoryMethodeTests" */ = {
			isa = XCConfigurationList;
			buildConfigurations = (
				0487794823B3ADAC00B69634 /* Debug */,
				0487794923B3ADAC00B69634 /* Release */,
			);
			defaultConfigurationIsVisible = 0;
			defaultConfigurationName = Release;
		};
		0487794A23B3ADAC00B69634 /* Build configuration list for PBXNativeTarget "FactoryMethodeUITests" */ = {
			isa = XCConfigurationList;
			buildConfigurations = (
				0487794B23B3ADAC00B69634 /* Debug */,
				0487794C23B3ADAC00B69634 /* Release */,
			);
			defaultConfigurationIsVisible = 0;
			defaultConfigurationName = Release;
		};
/* End XCConfigurationList section */
	};
	rootObject = 0487791223B3ADA300B69634 /* Project object */;
}
